
Microsoft Visual Studio Solution File, Format Version 12.00
# Visual Studio Version 16
VisualStudioVersion = 16.0.29424.173
MinimumVisualStudioVersion = 10.0.40219.1
Project("{FAE04EC0-301F-11D3-BF4B-00C04F79EFBC}") = "APIKwickWash", "APIKwickWash\APIKwickWash.csproj", "{FD0A0D5E-B3FC-4E39-A851-E6888DC05F47}"
EndProject
Global
	GlobalSection(SolutionConfigurationPlatforms) = preSolution
		Debug|Any CPU = Debug|Any CPU
		Release|Any CPU = Release|Any CPU
	EndGlobalSection
	GlobalSection(ProjectConfigurationPlatforms) = postSolution
		{FD0A0D5E-B3FC-4E39-A851-E6888DC05F47}.Debug|Any CPU.ActiveCfg = Debug|Any CPU
		{FD0A0D5E-B3FC-4E39-A851-E6888DC05F47}.Debug|Any CPU.Build.0 = Debug|Any CPU
		{FD0A0D5E-B3FC-4E39-A851-E6888DC05F47}.Release|Any CPU.ActiveCfg = Release|Any CPU
		{FD0A0D5E-B3FC-4E39-A851-E6888DC05F47}.Release|Any CPU.Build.0 = Release|Any CPU
	EndGlobalSection
	GlobalSection(SolutionProperties) = preSolution
		HideSolutionNode = FALSE
	EndGlobalSection
	GlobalSection(ExtensibilityGlobals) = postSolution
		SolutionGuid = {CA7C21C2-8772-4136-A965-F09D26705C9B}
	EndGlobalSection
EndGlobal
